
Microsoft Visual Studio Solution File, Format Version 12.00
# Visual Studio Version 17
VisualStudioVersion = 17.8.34525.116
MinimumVisualStudioVersion = 10.0.40219.1
Project("{9A19103F-16F7-4668-BE54-9A1E7A4F7556}") = "IdentityManager", "IdentityManager.csproj", "{1CCAAAF5-6C0F-4CB8-9640-80D586EA8A25}"
EndProject
Global
	GlobalSection(SolutionConfigurationPlatforms) = preSolution
		Debug|Any CPU = Debug|Any CPU
		Release|Any CPU = Release|Any CPU
	EndGlobalSection
	GlobalSection(ProjectConfigurationPlatforms) = postSolution
		{1CCAAAF5-6C0F-4CB8-9640-80D586EA8A25}.Debug|Any CPU.ActiveCfg = Debug|Any CPU
		{1CCAAAF5-6C0F-4CB8-9640-80D586EA8A25}.Debug|Any CPU.Build.0 = Debug|Any CPU
		{1CCAAAF5-6C0F-4CB8-9640-80D586EA8A25}.Release|Any CPU.ActiveCfg = Release|Any CPU
		{1CCAAAF5-6C0F-4CB8-9640-80D586EA8A25}.Release|Any CPU.Build.0 = Release|Any CPU
	EndGlobalSection
	GlobalSection(SolutionProperties) = preSolution
		HideSolutionNode = FALSE
	EndGlobalSection
	GlobalSection(ExtensibilityGlobals) = postSolution
		SolutionGuid = {7D36A804-ADFE-41E1-8387-BFEAE4021E6E}
	EndGlobalSection
EndGlobal
